// !$*UTF8*$!
{
	archiveVersion = 1;
	classes = {
	};
	objectVersion = 77;
	objects = {

/* Begin PBXBuildFile section */
		60FF656B2CB3704C00F359EE /* FirebaseAuth in Frameworks */ = {isa = PBXBuildFile; productRef = 60FF656A2CB3704C00F359EE /* FirebaseAuth */; };
		60FF656D2CB3704C00F359EE /* FirebaseFirestore in Frameworks */ = {isa = PBXBuildFile; productRef = 60FF656C2CB3704C00F359EE /* FirebaseFirestore */; };
/* End PBXBuildFile section */

/* Begin PBXContainerItemProxy section */
		6043EE502CA24D8C00FCD473 /* PBXContainerItemProxy */ = {
			isa = PBXContainerItemProxy;
			containerPortal = 6043EE372CA24D8900FCD473 /* Project object */;
			proxyType = 1;
			remoteGlobalIDString = 6043EE3E2CA24D8900FCD473;
			remoteInfo = uplift;
		};
		6043EE5A2CA24D8C00FCD473 /* PBXContainerItemProxy */ = {
			isa = PBXContainerItemProxy;
			containerPortal = 6043EE372CA24D8900FCD473 /* Project object */;
			proxyType = 1;
			remoteGlobalIDString = 6043EE3E2CA24D8900FCD473;
			remoteInfo = uplift;
		};
/* End PBXContainerItemProxy section */

/* Begin PBXFileReference section */
		6043EE3F2CA24D8900FCD473 /* uplift.app */ = {isa = PBXFileReference; explicitFileType = wrapper.application; includeInIndex = 0; path = uplift.app; sourceTree = BUILT_PRODUCTS_DIR; };
		6043EE4F2CA24D8C00FCD473 /* upliftTests.xctest */ = {isa = PBXFileReference; explicitFileType = wrapper.cfbundle; includeInIndex = 0; path = upliftTests.xctest; sourceTree = BUILT_PRODUCTS_DIR; };
		6043EE592CA24D8C00FCD473 /* upliftUITests.xctest */ = {isa = PBXFileReference; explicitFileType = wrapper.cfbundle; includeInIndex = 0; path = upliftUITests.xctest; sourceTree = BUILT_PRODUCTS_DIR; };
/* End PBXFileReference section */

/* Begin PBXFileSystemSynchronizedBuildFileExceptionSet section */
		60FF64F82CAFA7BF00F359EE /* Exceptions for "uplift" folder in "uplift" target */ = {
			isa = PBXFileSystemSynchronizedBuildFileExceptionSet;
			membershipExceptions = (
				Info.plist,
			);
			target = 6043EE3E2CA24D8900FCD473 /* uplift */;
		};
/* End PBXFileSystemSynchronizedBuildFileExceptionSet section */

/* Begin PBXFileSystemSynchronizedRootGroup section */
		6043EE412CA24D8900FCD473 /* uplift */ = {
			isa = PBXFileSystemSynchronizedRootGroup;
			exceptions = (
				60FF64F82CAFA7BF00F359EE /* Exceptions for "uplift" folder in "uplift" target */,
			);
			path = uplift;
			sourceTree = "<group>";
		};
		6043EE522CA24D8C00FCD473 /* upliftTests */ = {
			isa = PBXFileSystemSynchronizedRootGroup;
			path = upliftTests;
			sourceTree = "<group>";
		};
		6043EE5C2CA24D8C00FCD473 /* upliftUITests */ = {
			isa = PBXFileSystemSynchronizedRootGroup;
			path = upliftUITests;
			sourceTree = "<group>";
		};
/* End PBXFileSystemSynchronizedRootGroup section */

/* Begin PBXFrameworksBuildPhase section */
		6043EE3C2CA24D8900FCD473 /* Frameworks */ = {
			isa = PBXFrameworksBuildPhase;
			buildActionMask = 2147483647;
			files = (
				60FF656B2CB3704C00F359EE /* FirebaseAuth in Frameworks */,
				60FF656D2CB3704C00F359EE /* FirebaseFirestore in Frameworks */,
			);
			runOnlyForDeploymentPostprocessing = 0;
		};
		6043EE4C2CA24D8C00FCD473 /* Frameworks */ = {
			isa = PBXFrameworksBuildPhase;
			buildActionMask = 2147483647;
			files = (
			);
			runOnlyForDeploymentPostprocessing = 0;
		};
		6043EE562CA24D8C00FCD473 /* Frameworks */ = {
			isa = PBXFrameworksBuildPhase;
			buildActionMask = 2147483647;
			files = (
			);
			runOnlyForDeploymentPostprocessing = 0;
		};
/* End PBXFrameworksBuildPhase section */

/* Begin PBXGroup section */
		6043EE362CA24D8900FCD473 = {
			isa = PBXGroup;
			children = (
				6043EE412CA24D8900FCD473 /* uplift */,
				6043EE522CA24D8C00FCD473 /* upliftTests */,
				6043EE5C2CA24D8C00FCD473 /* upliftUITests */,
				6043EE402CA24D8900FCD473 /* Products */,
			);
			sourceTree = "<group>";
		};
		6043EE402CA24D8900FCD473 /* Products */ = {
			isa = PBXGroup;
			children = (
				6043EE3F2CA24D8900FCD473 /* uplift.app */,
				6043EE4F2CA24D8C00FCD473 /* upliftTests.xctest */,
				6043EE592CA24D8C00FCD473 /* upliftUITests.xctest */,
			);
			name = Products;
			sourceTree = "<group>";
		};
/* End PBXGroup section */

/* Begin PBXNativeTarget section */
		6043EE3E2CA24D8900FCD473 /* uplift */ = {
			isa = PBXNativeTarget;
			buildConfigurationList = 6043EE632CA24D8C00FCD473 /* Build configuration list for PBXNativeTarget "uplift" */;
			buildPhases = (
				6043EE3B2CA24D8900FCD473 /* Sources */,
				6043EE3C2CA24D8900FCD473 /* Frameworks */,
				6043EE3D2CA24D8900FCD473 /* Resources */,
			);
			buildRules = (
			);
			dependencies = (
			);
			fileSystemSynchronizedGroups = (
				6043EE412CA24D8900FCD473 /* uplift */,
			);
			name = uplift;
			packageProductDependencies = (
				60FF656A2CB3704C00F359EE /* FirebaseAuth */,
				60FF656C2CB3704C00F359EE /* FirebaseFirestore */,
			);
			productName = uplift;
			productReference = 6043EE3F2CA24D8900FCD473 /* uplift.app */;
			productType = "com.apple.product-type.application";
		};
		6043EE4E2CA24D8C00FCD473 /* upliftTests */ = {
			isa = PBXNativeTarget;
			buildConfigurationList = 6043EE662CA24D8C00FCD473 /* Build configuration list for PBXNativeTarget "upliftTests" */;
			buildPhases = (
				6043EE4B2CA24D8C00FCD473 /* Sources */,
				6043EE4C2CA24D8C00FCD473 /* Frameworks */,
				6043EE4D2CA24D8C00FCD473 /* Resources */,
			);
			buildRules = (
			);
			dependencies = (
				6043EE512CA24D8C00FCD473 /* PBXTargetDependency */,
			);
			fileSystemSynchronizedGroups = (
				6043EE522CA24D8C00FCD473 /* upliftTests */,
			);
			name = upliftTests;
			packageProductDependencies = (
			);
			productName = upliftTests;
			productReference = 6043EE4F2CA24D8C00FCD473 /* upliftTests.xctest */;
			productType = "com.apple.product-type.bundle.unit-test";
		};
		6043EE582CA24D8C00FCD473 /* upliftUITests */ = {
			isa = PBXNativeTarget;
			buildConfigurationList = 6043EE692CA24D8C00FCD473 /* Build configuration list for PBXNativeTarget "upliftUITests" */;
			buildPhases = (
				6043EE552CA24D8C00FCD473 /* Sources */,
				6043EE562CA24D8C00FCD473 /* Frameworks */,
				6043EE572CA24D8C00FCD473 /* Resources */,
			);
			buildRules = (
			);
			dependencies = (
				6043EE5B2CA24D8C00FCD473 /* PBXTargetDependency */,
			);
			fileSystemSynchronizedGroups = (
				6043EE5C2CA24D8C00FCD473 /* upliftUITests */,
			);
			name = upliftUITests;
			packageProductDependencies = (
			);
			productName = upliftUITests;
			productReference = 6043EE592CA24D8C00FCD473 /* upliftUITests.xctest */;
			productType = "com.apple.product-type.bundle.ui-testing";
		};
/* End PBXNativeTarget section */

/* Begin PBXProject section */
		6043EE372CA24D8900FCD473 /* Project object */ = {
			isa = PBXProject;
			attributes = {
				BuildIndependentTargetsInParallel = 1;
				LastSwiftUpdateCheck = 1600;
				LastUpgradeCheck = 1600;
				TargetAttributes = {
					6043EE3E2CA24D8900FCD473 = {
						CreatedOnToolsVersion = 16.0;
					};
					6043EE4E2CA24D8C00FCD473 = {
						CreatedOnToolsVersion = 16.0;
						TestTargetID = 6043EE3E2CA24D8900FCD473;
					};
					6043EE582CA24D8C00FCD473 = {
						CreatedOnToolsVersion = 16.0;
						TestTargetID = 6043EE3E2CA24D8900FCD473;
					};
				};
			};
			buildConfigurationList = 6043EE3A2CA24D8900FCD473 /* Build configuration list for PBXProject "uplift" */;
			developmentRegion = en;
			hasScannedForEncodings = 0;
			knownRegions = (
				en,
				Base,
			);
			mainGroup = 6043EE362CA24D8900FCD473;
			minimizedProjectReferenceProxies = 1;
			packageReferences = (
				60FF65692CB3704C00F359EE /* XCRemoteSwiftPackageReference "firebase-ios-sdk" */,
			);
			preferredProjectObjectVersion = 77;
			productRefGroup = 6043EE402CA24D8900FCD473 /* Products */;
			projectDirPath = "";
			projectRoot = "";
			targets = (
				6043EE3E2CA24D8900FCD473 /* uplift */,
				6043EE4E2CA24D8C00FCD473 /* upliftTests */,
				6043EE582CA24D8C00FCD473 /* upliftUITests */,
			);
		};
/* End PBXProject section */

/* Begin PBXResourcesBuildPhase section */
		6043EE3D2CA24D8900FCD473 /* Resources */ = {
			isa = PBXResourcesBuildPhase;
			buildActionMask = 2147483647;
			files = (
			);
			runOnlyForDeploymentPostprocessing = 0;
		};
		6043EE4D2CA24D8C00FCD473 /* Resources */ = {
			isa = PBXResourcesBuildPhase;
			buildActionMask = 2147483647;
			files = (
			);
			runOnlyForDeploymentPostprocessing = 0;
		};
		6043EE572CA24D8C00FCD473 /* Resources */ = {
			isa = PBXResourcesBuildPhase;
			buildActionMask = 2147483647;
			files = (
			);
			runOnlyForDeploymentPostprocessing = 0;
		};
/* End PBXResourcesBuildPhase section */

/* Begin PBXSourcesBuildPhase section */
		6043EE3B2CA24D8900FCD473 /* Sources */ = {
			isa = PBXSourcesBuildPhase;
			buildActionMask = 2147483647;
			files = (
			);
			runOnlyForDeploymentPostprocessing = 0;
		};
		6043EE4B2CA24D8C00FCD473 /* Sources */ = {
			isa = PBXSourcesBuildPhase;
			buildActionMask = 2147483647;
			files = (
			);
			runOnlyForDeploymentPostprocessing = 0;
		};
		6043EE552CA24D8C00FCD473 /* Sources */ = {
			isa = PBXSourcesBuildPhase;
			buildActionMask = 2147483647;
			files = (
			);
			runOnlyForDeploymentPostprocessing = 0;
		};
/* End PBXSourcesBuildPhase section */

/* Begin PBXTargetDependency section */
		6043EE512CA24D8C00FCD473 /* PBXTargetDependency */ = {
			isa = PBXTargetDependency;
			target = 6043EE3E2CA24D8900FCD473 /* uplift */;
			targetProxy = 6043EE502CA24D8C00FCD473 /* PBXContainerItemProxy */;
		};
		6043EE5B2CA24D8C00FCD473 /* PBXTargetDependency */ = {
			isa = PBXTargetDependency;
			target = 6043EE3E2CA24D8900FCD473 /* uplift */;
			targetProxy = 6043EE5A2CA24D8C00FCD473 /* PBXContainerItemProxy */;
		};
/* End PBXTargetDependency section */

/* Begin XCBuildConfiguration section */
		6043EE612CA24D8C00FCD473 /* Debug */ = {
			isa = XCBuildConfiguration;
			baseConfigurationReferenceAnchor = 6043EE412CA24D8900FCD473 /* uplift */;
			baseConfigurationReferenceRelativePath = workoutAPI.xcconfig;
			buildSettings = {
				ALWAYS_SEARCH_USER_PATHS = NO;
				ASSETCATALOG_COMPILER_GENERATE_SWIFT_ASSET_SYMBOL_EXTENSIONS = YES;
				CLANG_ANALYZER_NONNULL = YES;
				CLANG_ANALYZER_NUMBER_OBJECT_CONVERSION = YES_AGGRESSIVE;
				CLANG_CXX_LANGUAGE_STANDARD = "gnu++20";
				CLANG_ENABLE_MODULES = YES;
				CLANG_ENABLE_OBJC_ARC = YES;
				CLANG_ENABLE_OBJC_WEAK = YES;
				CLANG_WARN_BLOCK_CAPTURE_AUTORELEASING = YES;
				CLANG_WARN_BOOL_CONVERSION = YES;
				CLANG_WARN_COMMA = YES;
				CLANG_WARN_CONSTANT_CONVERSION = YES;
				CLANG_WARN_DEPRECATED_OBJC_IMPLEMENTATIONS = YES;
				CLANG_WARN_DIRECT_OBJC_ISA_USAGE = YES_ERROR;
				CLANG_WARN_DOCUMENTATION_COMMENTS = YES;
				CLANG_WARN_EMPTY_BODY = YES;
				CLANG_WARN_ENUM_CONVERSION = YES;
				CLANG_WARN_INFINITE_RECURSION = YES;
				CLANG_WARN_INT_CONVERSION = YES;
				CLANG_WARN_NON_LITERAL_NULL_CONVERSION = YES;
				CLANG_WARN_OBJC_IMPLICIT_RETAIN_SELF = YES;
				CLANG_WARN_OBJC_LITERAL_CONVERSION = YES;
				CLANG_WARN_OBJC_ROOT_CLASS = YES_ERROR;
				CLANG_WARN_QUOTED_INCLUDE_IN_FRAMEWORK_HEADER = YES;
				CLANG_WARN_RANGE_LOOP_ANALYSIS = YES;
				CLANG_WARN_STRICT_PROTOTYPES = YES;
				CLANG_WARN_SUSPICIOUS_MOVE = YES;
				CLANG_WARN_UNGUARDED_AVAILABILITY = YES_AGGRESSIVE;
				CLANG_WARN_UNREACHABLE_CODE = YES;
				CLANG_WARN__DUPLICATE_METHOD_MATCH = YES;
				COPY_PHASE_STRIP = NO;
				DEBUG_INFORMATION_FORMAT = dwarf;
				ENABLE_STRICT_OBJC_MSGSEND = YES;
				ENABLE_TESTABILITY = YES;
				ENABLE_USER_SCRIPT_SANDBOXING = YES;
				GCC_C_LANGUAGE_STANDARD = gnu17;
				GCC_DYNAMIC_NO_PIC = NO;
				GCC_NO_COMMON_BLOCKS = YES;
				GCC_OPTIMIZATION_LEVEL = 0;
				GCC_PREPROCESSOR_DEFINITIONS = (
					"DEBUG=1",
					"$(inherited)",
				);
				GCC_WARN_64_TO_32_BIT_CONVERSION = YES;
				GCC_WARN_ABOUT_RETURN_TYPE = YES_ERROR;
				GCC_WARN_UNDECLARED_SELECTOR = YES;
				GCC_WARN_UNINITIALIZED_AUTOS = YES_AGGRESSIVE;
				GCC_WARN_UNUSED_FUNCTION = YES;
				GCC_WARN_UNUSED_VARIABLE = YES;
				IPHONEOS_DEPLOYMENT_TARGET = 18.0;
				LOCALIZATION_PREFERS_STRING_CATALOGS = YES;
				MTL_ENABLE_DEBUG_INFO = INCLUDE_SOURCE;
				MTL_FAST_MATH = YES;
				ONLY_ACTIVE_ARCH = YES;
				SDKROOT = iphoneos;
				SWIFT_ACTIVE_COMPILATION_CONDITIONS = "DEBUG $(inherited)";
				SWIFT_OPTIMIZATION_LEVEL = "-Onone";
			};
			name = Debug;
		};
		6043EE622CA24D8C00FCD473 /* Release */ = {
			isa = XCBuildConfiguration;
			baseConfigurationReferenceAnchor = 6043EE412CA24D8900FCD473 /* uplift */;
			baseConfigurationReferenceRelativePath = workoutAPI.xcconfig;
			buildSettings = {
				ALWAYS_SEARCH_USER_PATHS = NO;
				ASSETCATALOG_COMPILER_GENERATE_SWIFT_ASSET_SYMBOL_EXTENSIONS = YES;
				CLANG_ANALYZER_NONNULL = YES;
				CLANG_ANALYZER_NUMBER_OBJECT_CONVERSION = YES_AGGRESSIVE;
				CLANG_CXX_LANGUAGE_STANDARD = "gnu++20";
				CLANG_ENABLE_MODULES = YES;
				CLANG_ENABLE_OBJC_ARC = YES;
				CLANG_ENABLE_OBJC_WEAK = YES;
				CLANG_WARN_BLOCK_CAPTURE_AUTORELEASING = YES;
				CLANG_WARN_BOOL_CONVERSION = YES;
				CLANG_WARN_COMMA = YES;
				CLANG_WARN_CONSTANT_CONVERSION = YES;
				CLANG_WARN_DEPRECATED_OBJC_IMPLEMENTATIONS = YES;
				CLANG_WARN_DIRECT_OBJC_ISA_USAGE = YES_ERROR;
				CLANG_WARN_DOCUMENTATION_COMMENTS = YES;
				CLANG_WARN_EMPTY_BODY = YES;
				CLANG_WARN_ENUM_CONVERSION = YES;
				CLANG_WARN_INFINITE_RECURSION = YES;
				CLANG_WARN_INT_CONVERSION = YES;
				CLANG_WARN_NON_LITERAL_NULL_CONVERSION = YES;
				CLANG_WARN_OBJC_IMPLICIT_RETAIN_SELF = YES;
				CLANG_WARN_OBJC_LITERAL_CONVERSION = YES;
				CLANG_WARN_OBJC_ROOT_CLASS = YES_ERROR;
				CLANG_WARN_QUOTED_INCLUDE_IN_FRAMEWORK_HEADER = YES;
				CLANG_WARN_RANGE_LOOP_ANALYSIS = YES;
				CLANG_WARN_STRICT_PROTOTYPES = YES;
				CLANG_WARN_SUSPICIOUS_MOVE = YES;
				CLANG_WARN_UNGUARDED_AVAILABILITY = YES_AGGRESSIVE;
				CLANG_WARN_UNREACHABLE_CODE = YES;
				CLANG_WARN__DUPLICATE_METHOD_MATCH = YES;
				COPY_PHASE_STRIP = NO;
				DEBUG_INFORMATION_FORMAT = "dwarf-with-dsym";
				ENABLE_NS_ASSERTIONS = NO;
				ENABLE_STRICT_OBJC_MSGSEND = YES;
				ENABLE_USER_SCRIPT_SANDBOXING = YES;
				GCC_C_LANGUAGE_STANDARD = gnu17;
				GCC_NO_COMMON_BLOCKS = YES;
				GCC_WARN_64_TO_32_BIT_CONVERSION = YES;
				GCC_WARN_ABOUT_RETURN_TYPE = YES_ERROR;
				GCC_WARN_UNDECLARED_SELECTOR = YES;
				GCC_WARN_UNINITIALIZED_AUTOS = YES_AGGRESSIVE;
				GCC_WARN_UNUSED_FUNCTION = YES;
				GCC_WARN_UNUSED_VARIABLE = YES;
				IPHONEOS_DEPLOYMENT_TARGET = 18.0;
				LOCALIZATION_PREFERS_STRING_CATALOGS = YES;
				MTL_ENABLE_DEBUG_INFO = NO;
				MTL_FAST_MATH = YES;
				SDKROOT = iphoneos;
				SWIFT_COMPILATION_MODE = wholemodule;
				VALIDATE_PRODUCT = YES;
			};
			name = Release;
		};
		6043EE642CA24D8C00FCD473 /* Debug */ = {
			isa = XCBuildConfiguration;
			buildSettings = {
				ASSETCATALOG_COMPILER_APPICON_NAME = AppIcon;
				ASSETCATALOG_COMPILER_GLOBAL_ACCENT_COLOR_NAME = AccentColor;
				CODE_SIGN_STYLE = Automatic;
				CURRENT_PROJECT_VERSION = 1;
				DEVELOPMENT_ASSET_PATHS = "\"uplift/Preview Content\"";
				ENABLE_PREVIEWS = YES;
				GENERATE_INFOPLIST_FILE = YES;
				INFOPLIST_FILE = uplift/Info.plist;
				INFOPLIST_KEY_UIApplicationSceneManifest_Generation = YES;
				INFOPLIST_KEY_UIApplicationSupportsIndirectInputEvents = YES;
				INFOPLIST_KEY_UILaunchScreen_Generation = YES;
				INFOPLIST_KEY_UISupportedInterfaceOrientations_iPad = "UIInterfaceOrientationPortrait UIInterfaceOrientationPortraitUpsideDown UIInterfaceOrientationLandscapeLeft UIInterfaceOrientationLandscapeRight";
				INFOPLIST_KEY_UISupportedInterfaceOrientations_iPhone = "UIInterfaceOrientationPortrait UIInterfaceOrientationLandscapeLeft UIInterfaceOrientationLandscapeRight";
				LD_RUNPATH_SEARCH_PATHS = (
					"$(inherited)",
					"@executable_path/Frameworks",
				);
				MARKETING_VERSION = 1.0;
				PRODUCT_BUNDLE_IDENTIFIER = azhuo.uplift;
				PRODUCT_NAME = "$(TARGET_NAME)";
				SWIFT_EMIT_LOC_STRINGS = YES;
				SWIFT_VERSION = 5.0;
				TARGETED_DEVICE_FAMILY = "1,2";
			};
			name = Debug;
		};
		6043EE652CA24D8C00FCD473 /* Release */ = {
			isa = XCBuildConfiguration;
			buildSettings = {
				ASSETCATALOG_COMPILER_APPICON_NAME = AppIcon;
				ASSETCATALOG_COMPILER_GLOBAL_ACCENT_COLOR_NAME = AccentColor;
				CODE_SIGN_STYLE = Automatic;
				CURRENT_PROJECT_VERSION = 1;
				DEVELOPMENT_ASSET_PATHS = "\"uplift/Preview Content\"";
				ENABLE_PREVIEWS = YES;
				GENERATE_INFOPLIST_FILE = YES;
				INFOPLIST_FILE = uplift/Info.plist;
				INFOPLIST_KEY_UIApplicationSceneManifest_Generation = YES;
				INFOPLIST_KEY_UIApplicationSupportsIndirectInputEvents = YES;
				INFOPLIST_KEY_UILaunchScreen_Generation = YES;
				INFOPLIST_KEY_UISupportedInterfaceOrientations_iPad = "UIInterfaceOrientationPortrait UIInterfaceOrientationPortraitUpsideDown UIInterfaceOrientationLandscapeLeft UIInterfaceOrientationLandscapeRight";
				INFOPLIST_KEY_UISupportedInterfaceOrientations_iPhone = "UIInterfaceOrientationPortrait UIInterfaceOrientationLandscapeLeft UIInterfaceOrientationLandscapeRight";
				LD_RUNPATH_SEARCH_PATHS = (
					"$(inherited)",
					"@executable_path/Frameworks",
				);
				MARKETING_VERSION = 1.0;
				PRODUCT_BUNDLE_IDENTIFIER = azhuo.uplift;
				PRODUCT_NAME = "$(TARGET_NAME)";
				SWIFT_EMIT_LOC_STRINGS = YES;
				SWIFT_VERSION = 5.0;
				TARGETED_DEVICE_FAMILY = "1,2";
			};
			name = Release;
		};
		6043EE672CA24D8C00FCD473 /* Debug */ = {
			isa = XCBuildConfiguration;
			buildSettings = {
				BUNDLE_LOADER = "$(TEST_HOST)";
				CODE_SIGN_STYLE = Automatic;
				CURRENT_PROJECT_VERSION = 1;
				GENERATE_INFOPLIST_FILE = YES;
				IPHONEOS_DEPLOYMENT_TARGET = 18.0;
				MARKETING_VERSION = 1.0;
				PRODUCT_BUNDLE_IDENTIFIER = azhuo.upliftTests;
				PRODUCT_NAME = "$(TARGET_NAME)";
				SWIFT_EMIT_LOC_STRINGS = NO;
				SWIFT_VERSION = 5.0;
				TARGETED_DEVICE_FAMILY = "1,2";
				TEST_HOST = "$(BUILT_PRODUCTS_DIR)/uplift.app/$(BUNDLE_EXECUTABLE_FOLDER_PATH)/uplift";
			};
			name = Debug;
		};
		6043EE682CA24D8C00FCD473 /* Release */ = {
			isa = XCBuildConfiguration;
			buildSettings = {
				BUNDLE_LOADER = "$(TEST_HOST)";
				CODE_SIGN_STYLE = Automatic;
				CURRENT_PROJECT_VERSION = 1;
				GENERATE_INFOPLIST_FILE = YES;
				IPHONEOS_DEPLOYMENT_TARGET = 18.0;
				MARKETING_VERSION = 1.0;
				PRODUCT_BUNDLE_IDENTIFIER = azhuo.upliftTests;
				PRODUCT_NAME = "$(TARGET_NAME)";
				SWIFT_EMIT_LOC_STRINGS = NO;
				SWIFT_VERSION = 5.0;
				TARGETED_DEVICE_FAMILY = "1,2";
				TEST_HOST = "$(BUILT_PRODUCTS_DIR)/uplift.app/$(BUNDLE_EXECUTABLE_FOLDER_PATH)/uplift";
			};
			name = Release;
		};
		6043EE6A2CA24D8C00FCD473 /* Debug */ = {
			isa = XCBuildConfiguration;
			buildSettings = {
				CODE_SIGN_STYLE = Automatic;
				CURRENT_PROJECT_VERSION = 1;
				GENERATE_INFOPLIST_FILE = YES;
				MARKETING_VERSION = 1.0;
				PRODUCT_BUNDLE_IDENTIFIER = azhuo.upliftUITests;
				PRODUCT_NAME = "$(TARGET_NAME)";
				SWIFT_EMIT_LOC_STRINGS = NO;
				SWIFT_VERSION = 5.0;
				TARGETED_DEVICE_FAMILY = "1,2";
				TEST_TARGET_NAME = uplift;
			};
			name = Debug;
		};
		6043EE6B2CA24D8C00FCD473 /* Release */ = {
			isa = XCBuildConfiguration;
			buildSettings = {
				CODE_SIGN_STYLE = Automatic;
				CURRENT_PROJECT_VERSION = 1;
				GENERATE_INFOPLIST_FILE = YES;
				MARKETING_VERSION = 1.0;
				PRODUCT_BUNDLE_IDENTIFIER = azhuo.upliftUITests;
				PRODUCT_NAME = "$(TARGET_NAME)";
				SWIFT_EMIT_LOC_STRINGS = NO;
				SWIFT_VERSION = 5.0;
				TARGETED_DEVICE_FAMILY = "1,2";
				TEST_TARGET_NAME = uplift;
			};
			name = Release;
		};
/* End XCBuildConfiguration section */

/* Begin XCConfigurationList section */
		6043EE3A2CA24D8900FCD473 /* Build configuration list for PBXProject "uplift" */ = {
			isa = XCConfigurationList;
			buildConfigurations = (
				6043EE612CA24D8C00FCD473 /* Debug */,
				6043EE622CA24D8C00FCD473 /* Release */,
			);
			defaultConfigurationIsVisible = 0;
			defaultConfigurationName = Release;
		};
		6043EE632CA24D8C00FCD473 /* Build configuration list for PBXNativeTarget "uplift" */ = {
			isa = XCConfigurationList;
			buildConfigurations = (
				6043EE642CA24D8C00FCD473 /* Debug */,
				6043EE652CA24D8C00FCD473 /* Release */,
			);
			defaultConfigurationIsVisible = 0;
			defaultConfigurationName = Release;
		};
		6043EE662CA24D8C00FCD473 /* Build configuration list for PBXNativeTarget "upliftTests" */ = {
			isa = XCConfigurationList;
			buildConfigurations = (
				6043EE672CA24D8C00FCD473 /* Debug */,
				6043EE682CA24D8C00FCD473 /* Release */,
			);
			defaultConfigurationIsVisible = 0;
			defaultConfigurationName = Release;
		};
		6043EE692CA24D8C00FCD473 /* Build configuration list for PBXNativeTarget "upliftUITests" */ = {
			isa = XCConfigurationList;
			buildConfigurations = (
				6043EE6A2CA24D8C00FCD473 /* Debug */,
				6043EE6B2CA24D8C00FCD473 /* Release */,
			);
			defaultConfigurationIsVisible = 0;
			defaultConfigurationName = Release;
		};
/* End XCConfigurationList section */

/* Begin XCRemoteSwiftPackageReference section */
		60FF65692CB3704C00F359EE /* XCRemoteSwiftPackageReference "firebase-ios-sdk" */ = {
			isa = XCRemoteSwiftPackageReference;
			repositoryURL = "https://github.com/firebase/firebase-ios-sdk";
			requirement = {
				kind = upToNextMajorVersion;
				minimumVersion = 11.3.0;
			};
		};
/* End XCRemoteSwiftPackageReference section */

/* Begin XCSwiftPackageProductDependency section */
		60FF656A2CB3704C00F359EE /* FirebaseAuth */ = {
			isa = XCSwiftPackageProductDependency;
			package = 60FF65692CB3704C00F359EE /* XCRemoteSwiftPackageReference "firebase-ios-sdk" */;
			productName = FirebaseAuth;
		};
		60FF656C2CB3704C00F359EE /* FirebaseFirestore */ = {
			isa = XCSwiftPackageProductDependency;
			package = 60FF65692CB3704C00F359EE /* XCRemoteSwiftPackageReference "firebase-ios-sdk" */;
			productName = FirebaseFirestore;
		};
/* End XCSwiftPackageProductDependency section */
	};
	rootObject = 6043EE372CA24D8900FCD473 /* Project object */;
}
